
Microsoft Visual Studio Solution File, Format Version 12.00
# Visual Studio 15
VisualStudioVersion = 15.0.26403.7
MinimumVisualStudioVersion = 10.0.40219.1
Project("{FAE04EC0-301F-11D3-BF4B-00C04F79EFBC}") = "TestConsole", "TestConsole\TestConsole.csproj", "{47071BA7-8A14-4146-9533-83ACAC986440}"
EndProject
Project("{D954291E-2A0B-460D-934E-DC6B0785DB48}") = "LibShared", "LibShared\LibShared.shproj", "{87599018-BFEA-4C66-A606-0CA057207A21}"
EndProject
Project("{FAE04EC0-301F-11D3-BF4B-00C04F79EFBC}") = "TestUwp", "TestUwp\TestUwp.csproj", "{30DCE9E2-2F61-4674-B1E4-165644E04664}"
EndProject
Project("{FAE04EC0-301F-11D3-BF4B-00C04F79EFBC}") = "TestConsoleNCore", "TestConsoleNCore\TestConsoleNCore.csproj", "{C3A41DE7-DC24-4579-A2F0-92D8D440A157}"
	ProjectSection(ProjectDependencies) = postProject
		{11EED277-D12B-4348-9B8C-06D39C0DFE24} = {11EED277-D12B-4348-9B8C-06D39C0DFE24}
	EndProjectSection
EndProject
Project("{FAE04EC0-301F-11D3-BF4B-00C04F79EFBC}") = "LibDNCore", "LibDNCore\LibDNCore.csproj", "{11EED277-D12B-4348-9B8C-06D39C0DFE24}"
EndProject
Project("{FAE04EC0-301F-11D3-BF4B-00C04F79EFBC}") = "LibDNFx", "LibDNFx\LibDNFx.csproj", "{9034E403-2B78-49DE-A137-1E72B52EBBA5}"
EndProject
Project("{FAE04EC0-301F-11D3-BF4B-00C04F79EFBC}") = "LibUwp", "LibUwp\LibUwp.csproj", "{F94E1F5A-852E-4562-A7C4-3B8EE879F92B}"
EndProject
Global
	GlobalSection(SharedMSBuildProjectFiles) = preSolution
		LibShared\LibShared.projitems*{30dce9e2-2f61-4674-b1e4-165644e04664}*SharedItemsImports = 4
		LibShared\LibShared.projitems*{47071ba7-8a14-4146-9533-83acac986440}*SharedItemsImports = 4
		LibShared\LibShared.projitems*{87599018-bfea-4c66-a606-0ca057207a21}*SharedItemsImports = 13
		LibShared\LibShared.projitems*{9034e403-2b78-49de-a137-1e72b52ebba5}*SharedItemsImports = 4
		LibShared\LibShared.projitems*{f94e1f5a-852e-4562-a7c4-3b8ee879f92b}*SharedItemsImports = 4
	EndGlobalSection
	GlobalSection(SolutionConfigurationPlatforms) = preSolution
		Debug|Any CPU = Debug|Any CPU
		Debug|ARM = Debug|ARM
		Debug|x64 = Debug|x64
		Debug|x86 = Debug|x86
		Release|Any CPU = Release|Any CPU
		Release|ARM = Release|ARM
		Release|x64 = Release|x64
		Release|x86 = Release|x86
	EndGlobalSection
	GlobalSection(ProjectConfigurationPlatforms) = postSolution
		{47071BA7-8A14-4146-9533-83ACAC986440}.Debug|Any CPU.ActiveCfg = Debug|Any CPU
		{47071BA7-8A14-4146-9533-83ACAC986440}.Debug|Any CPU.Build.0 = Debug|Any CPU
		{47071BA7-8A14-4146-9533-83ACAC986440}.Debug|ARM.ActiveCfg = Debug|Any CPU
		{47071BA7-8A14-4146-9533-83ACAC986440}.Debug|ARM.Build.0 = Debug|Any CPU
		{47071BA7-8A14-4146-9533-83ACAC986440}.Debug|x64.ActiveCfg = Debug|Any CPU
		{47071BA7-8A14-4146-9533-83ACAC986440}.Debug|x64.Build.0 = Debug|Any CPU
		{47071BA7-8A14-4146-9533-83ACAC986440}.Debug|x86.ActiveCfg = Debug|Any CPU
		{47071BA7-8A14-4146-9533-83ACAC986440}.Debug|x86.Build.0 = Debug|Any CPU
		{47071BA7-8A14-4146-9533-83ACAC986440}.Release|Any CPU.ActiveCfg = Release|Any CPU
		{47071BA7-8A14-4146-9533-83ACAC986440}.Release|Any CPU.Build.0 = Release|Any CPU
		{47071BA7-8A14-4146-9533-83ACAC986440}.Release|ARM.ActiveCfg = Release|Any CPU
		{47071BA7-8A14-4146-9533-83ACAC986440}.Release|ARM.Build.0 = Release|Any CPU
		{47071BA7-8A14-4146-9533-83ACAC986440}.Release|x64.ActiveCfg = Release|Any CPU
		{47071BA7-8A14-4146-9533-83ACAC986440}.Release|x64.Build.0 = Release|Any CPU
		{47071BA7-8A14-4146-9533-83ACAC986440}.Release|x86.ActiveCfg = Release|Any CPU
		{47071BA7-8A14-4146-9533-83ACAC986440}.Release|x86.Build.0 = Release|Any CPU
		{30DCE9E2-2F61-4674-B1E4-165644E04664}.Debug|Any CPU.ActiveCfg = Debug|x86
		{30DCE9E2-2F61-4674-B1E4-165644E04664}.Debug|ARM.ActiveCfg = Debug|ARM
		{30DCE9E2-2F61-4674-B1E4-165644E04664}.Debug|ARM.Build.0 = Debug|ARM
		{30DCE9E2-2F61-4674-B1E4-165644E04664}.Debug|ARM.Deploy.0 = Debug|ARM
		{30DCE9E2-2F61-4674-B1E4-165644E04664}.Debug|x64.ActiveCfg = Debug|x64
		{30DCE9E2-2F61-4674-B1E4-165644E04664}.Debug|x64.Build.0 = Debug|x64
		{30DCE9E2-2F61-4674-B1E4-165644E04664}.Debug|x64.Deploy.0 = Debug|x64
		{30DCE9E2-2F61-4674-B1E4-165644E04664}.Debug|x86.ActiveCfg = Debug|x86
		{30DCE9E2-2F61-4674-B1E4-165644E04664}.Debug|x86.Build.0 = Debug|x86
		{30DCE9E2-2F61-4674-B1E4-165644E04664}.Debug|x86.Deploy.0 = Debug|x86
		{30DCE9E2-2F61-4674-B1E4-165644E04664}.Release|Any CPU.ActiveCfg = Release|x86
		{30DCE9E2-2F61-4674-B1E4-165644E04664}.Release|ARM.ActiveCfg = Release|ARM
		{30DCE9E2-2F61-4674-B1E4-165644E04664}.Release|ARM.Build.0 = Release|ARM
		{30DCE9E2-2F61-4674-B1E4-165644E04664}.Release|ARM.Deploy.0 = Release|ARM
		{30DCE9E2-2F61-4674-B1E4-165644E04664}.Release|x64.ActiveCfg = Release|x64
		{30DCE9E2-2F61-4674-B1E4-165644E04664}.Release|x64.Build.0 = Release|x64
		{30DCE9E2-2F61-4674-B1E4-165644E04664}.Release|x64.Deploy.0 = Release|x64
		{30DCE9E2-2F61-4674-B1E4-165644E04664}.Release|x86.ActiveCfg = Release|x86
		{30DCE9E2-2F61-4674-B1E4-165644E04664}.Release|x86.Build.0 = Release|x86
		{30DCE9E2-2F61-4674-B1E4-165644E04664}.Release|x86.Deploy.0 = Release|x86
		{C3A41DE7-DC24-4579-A2F0-92D8D440A157}.Debug|Any CPU.ActiveCfg = Debug|Any CPU
		{C3A41DE7-DC24-4579-A2F0-92D8D440A157}.Debug|Any CPU.Build.0 = Debug|Any CPU
		{C3A41DE7-DC24-4579-A2F0-92D8D440A157}.Debug|ARM.ActiveCfg = Debug|Any CPU
		{C3A41DE7-DC24-4579-A2F0-92D8D440A157}.Debug|ARM.Build.0 = Debug|Any CPU
		{C3A41DE7-DC24-4579-A2F0-92D8D440A157}.Debug|x64.ActiveCfg = Debug|Any CPU
		{C3A41DE7-DC24-4579-A2F0-92D8D440A157}.Debug|x64.Build.0 = Debug|Any CPU
		{C3A41DE7-DC24-4579-A2F0-92D8D440A157}.Debug|x86.ActiveCfg = Debug|Any CPU
		{C3A41DE7-DC24-4579-A2F0-92D8D440A157}.Debug|x86.Build.0 = Debug|Any CPU
		{C3A41DE7-DC24-4579-A2F0-92D8D440A157}.Release|Any CPU.ActiveCfg = Release|Any CPU
		{C3A41DE7-DC24-4579-A2F0-92D8D440A157}.Release|Any CPU.Build.0 = Release|Any CPU
		{C3A41DE7-DC24-4579-A2F0-92D8D440A157}.Release|ARM.ActiveCfg = Release|Any CPU
		{C3A41DE7-DC24-4579-A2F0-92D8D440A157}.Release|ARM.Build.0 = Release|Any CPU
		{C3A41DE7-DC24-4579-A2F0-92D8D440A157}.Release|x64.ActiveCfg = Release|Any CPU
		{C3A41DE7-DC24-4579-A2F0-92D8D440A157}.Release|x64.Build.0 = Release|Any CPU
		{C3A41DE7-DC24-4579-A2F0-92D8D440A157}.Release|x86.ActiveCfg = Release|Any CPU
		{C3A41DE7-DC24-4579-A2F0-92D8D440A157}.Release|x86.Build.0 = Release|Any CPU
		{11EED277-D12B-4348-9B8C-06D39C0DFE24}.Debug|Any CPU.ActiveCfg = Debug|Any CPU
		{11EED277-D12B-4348-9B8C-06D39C0DFE24}.Debug|Any CPU.Build.0 = Debug|Any CPU
		{11EED277-D12B-4348-9B8C-06D39C0DFE24}.Debug|ARM.ActiveCfg = Debug|Any CPU
		{11EED277-D12B-4348-9B8C-06D39C0DFE24}.Debug|ARM.Build.0 = Debug|Any CPU
		{11EED277-D12B-4348-9B8C-06D39C0DFE24}.Debug|x64.ActiveCfg = Debug|Any CPU
		{11EED277-D12B-4348-9B8C-06D39C0DFE24}.Debug|x64.Build.0 = Debug|Any CPU
		{11EED277-D12B-4348-9B8C-06D39C0DFE24}.Debug|x86.ActiveCfg = Debug|Any CPU
		{11EED277-D12B-4348-9B8C-06D39C0DFE24}.Debug|x86.Build.0 = Debug|Any CPU
		{11EED277-D12B-4348-9B8C-06D39C0DFE24}.Release|Any CPU.ActiveCfg = Release|Any CPU
		{11EED277-D12B-4348-9B8C-06D39C0DFE24}.Release|Any CPU.Build.0 = Release|Any CPU
		{11EED277-D12B-4348-9B8C-06D39C0DFE24}.Release|ARM.ActiveCfg = Release|Any CPU
		{11EED277-D12B-4348-9B8C-06D39C0DFE24}.Release|ARM.Build.0 = Release|Any CPU
		{11EED277-D12B-4348-9B8C-06D39C0DFE24}.Release|x64.ActiveCfg = Release|Any CPU
		{11EED277-D12B-4348-9B8C-06D39C0DFE24}.Release|x64.Build.0 = Release|Any CPU
		{11EED277-D12B-4348-9B8C-06D39C0DFE24}.Release|x86.ActiveCfg = Release|Any CPU
		{11EED277-D12B-4348-9B8C-06D39C0DFE24}.Release|x86.Build.0 = Release|Any CPU
		{9034E403-2B78-49DE-A137-1E72B52EBBA5}.Debug|Any CPU.ActiveCfg = Debug|Any CPU
		{9034E403-2B78-49DE-A137-1E72B52EBBA5}.Debug|Any CPU.Build.0 = Debug|Any CPU
		{9034E403-2B78-49DE-A137-1E72B52EBBA5}.Debug|ARM.ActiveCfg = Debug|Any CPU
		{9034E403-2B78-49DE-A137-1E72B52EBBA5}.Debug|ARM.Build.0 = Debug|Any CPU
		{9034E403-2B78-49DE-A137-1E72B52EBBA5}.Debug|x64.ActiveCfg = Debug|Any CPU
		{9034E403-2B78-49DE-A137-1E72B52EBBA5}.Debug|x64.Build.0 = Debug|Any CPU
		{9034E403-2B78-49DE-A137-1E72B52EBBA5}.Debug|x86.ActiveCfg = Debug|Any CPU
		{9034E403-2B78-49DE-A137-1E72B52EBBA5}.Debug|x86.Build.0 = Debug|Any CPU
		{9034E403-2B78-49DE-A137-1E72B52EBBA5}.Release|Any CPU.ActiveCfg = Release|Any CPU
		{9034E403-2B78-49DE-A137-1E72B52EBBA5}.Release|Any CPU.Build.0 = Release|Any CPU
		{9034E403-2B78-49DE-A137-1E72B52EBBA5}.Release|ARM.ActiveCfg = Release|Any CPU
		{9034E403-2B78-49DE-A137-1E72B52EBBA5}.Release|ARM.Build.0 = Release|Any CPU
		{9034E403-2B78-49DE-A137-1E72B52EBBA5}.Release|x64.ActiveCfg = Release|Any CPU
		{9034E403-2B78-49DE-A137-1E72B52EBBA5}.Release|x64.Build.0 = Release|Any CPU
		{9034E403-2B78-49DE-A137-1E72B52EBBA5}.Release|x86.ActiveCfg = Release|Any CPU
		{9034E403-2B78-49DE-A137-1E72B52EBBA5}.Release|x86.Build.0 = Release|Any CPU
		{F94E1F5A-852E-4562-A7C4-3B8EE879F92B}.Debug|Any CPU.ActiveCfg = Debug|Any CPU
		{F94E1F5A-852E-4562-A7C4-3B8EE879F92B}.Debug|Any CPU.Build.0 = Debug|Any CPU
		{F94E1F5A-852E-4562-A7C4-3B8EE879F92B}.Debug|ARM.ActiveCfg = Debug|ARM
		{F94E1F5A-852E-4562-A7C4-3B8EE879F92B}.Debug|ARM.Build.0 = Debug|ARM
		{F94E1F5A-852E-4562-A7C4-3B8EE879F92B}.Debug|x64.ActiveCfg = Debug|x64
		{F94E1F5A-852E-4562-A7C4-3B8EE879F92B}.Debug|x64.Build.0 = Debug|x64
		{F94E1F5A-852E-4562-A7C4-3B8EE879F92B}.Debug|x86.ActiveCfg = Debug|x86
		{F94E1F5A-852E-4562-A7C4-3B8EE879F92B}.Debug|x86.Build.0 = Debug|x86
		{F94E1F5A-852E-4562-A7C4-3B8EE879F92B}.Release|Any CPU.ActiveCfg = Release|Any CPU
		{F94E1F5A-852E-4562-A7C4-3B8EE879F92B}.Release|Any CPU.Build.0 = Release|Any CPU
		{F94E1F5A-852E-4562-A7C4-3B8EE879F92B}.Release|ARM.ActiveCfg = Release|ARM
		{F94E1F5A-852E-4562-A7C4-3B8EE879F92B}.Release|ARM.Build.0 = Release|ARM
		{F94E1F5A-852E-4562-A7C4-3B8EE879F92B}.Release|x64.ActiveCfg = Release|x64
		{F94E1F5A-852E-4562-A7C4-3B8EE879F92B}.Release|x64.Build.0 = Release|x64
		{F94E1F5A-852E-4562-A7C4-3B8EE879F92B}.Release|x86.ActiveCfg = Release|x86
		{F94E1F5A-852E-4562-A7C4-3B8EE879F92B}.Release|x86.Build.0 = Release|x86
	EndGlobalSection
	GlobalSection(SolutionProperties) = preSolution
		HideSolutionNode = FALSE
	EndGlobalSection
EndGlobal
